
Microsoft Visual Studio Solution File, Format Version 12.00
# Visual Studio Version 16
VisualStudioVersion = 16.0.30404.54
MinimumVisualStudioVersion = 10.0.40219.1
Project("{9A19103F-16F7-4668-BE54-9A1E7A4F7556}") = "Reservatio", "Reservatio.csproj", "{A4BF1B9F-3DF8-47A2-87E9-19BCB978A7D0}"
EndProject
Project("{FAE04EC0-301F-11D3-BF4B-00C04F79EFBC}") = "Reservatio.Tests", "Reservatio.Tests\Reservatio.Tests.csproj", "{F43B3624-7FE4-4B7F-ABC5-7209C54C9334}"
EndProject
Global
	GlobalSection(SolutionConfigurationPlatforms) = preSolution
		Debug|Any CPU = Debug|Any CPU
		Release|Any CPU = Release|Any CPU
	EndGlobalSection
	GlobalSection(ProjectConfigurationPlatforms) = postSolution
		{A4BF1B9F-3DF8-47A2-87E9-19BCB978A7D0}.Debug|Any CPU.ActiveCfg = Debug|Any CPU
		{A4BF1B9F-3DF8-47A2-87E9-19BCB978A7D0}.Debug|Any CPU.Build.0 = Debug|Any CPU
		{A4BF1B9F-3DF8-47A2-87E9-19BCB978A7D0}.Release|Any CPU.ActiveCfg = Release|Any CPU
		{A4BF1B9F-3DF8-47A2-87E9-19BCB978A7D0}.Release|Any CPU.Build.0 = Release|Any CPU
		{F43B3624-7FE4-4B7F-ABC5-7209C54C9334}.Debug|Any CPU.ActiveCfg = Debug|Any CPU
		{F43B3624-7FE4-4B7F-ABC5-7209C54C9334}.Debug|Any CPU.Build.0 = Debug|Any CPU
		{F43B3624-7FE4-4B7F-ABC5-7209C54C9334}.Release|Any CPU.ActiveCfg = Release|Any CPU
		{F43B3624-7FE4-4B7F-ABC5-7209C54C9334}.Release|Any CPU.Build.0 = Release|Any CPU
	EndGlobalSection
	GlobalSection(SolutionProperties) = preSolution
		HideSolutionNode = FALSE
	EndGlobalSection
	GlobalSection(ExtensibilityGlobals) = postSolution
		SolutionGuid = {D14084D3-F5E2-4568-9ACD-3E50CD80A7F0}
	EndGlobalSection
EndGlobal
